
Microsoft Visual Studio Solution File, Format Version 12.00
# Visual Studio Version 17
VisualStudioVersion = 17.9.34616.47
MinimumVisualStudioVersion = 10.0.40219.1
Project("{FAE04EC0-301F-11D3-BF4B-00C04F79EFBC}") = "SmartClosetAPI", "SmartClosetAPI\SmartClosetAPI.csproj", "{1F00BBFC-577D-42DE-907A-14BAB4B30045}"
EndProject
Global
	GlobalSection(SolutionConfigurationPlatforms) = preSolution
		Debug|Any CPU = Debug|Any CPU
		Release|Any CPU = Release|Any CPU
	EndGlobalSection
	GlobalSection(ProjectConfigurationPlatforms) = postSolution
		{1F00BBFC-577D-42DE-907A-14BAB4B30045}.Debug|Any CPU.ActiveCfg = Debug|Any CPU
		{1F00BBFC-577D-42DE-907A-14BAB4B30045}.Debug|Any CPU.Build.0 = Debug|Any CPU
		{1F00BBFC-577D-42DE-907A-14BAB4B30045}.Release|Any CPU.ActiveCfg = Release|Any CPU
		{1F00BBFC-577D-42DE-907A-14BAB4B30045}.Release|Any CPU.Build.0 = Release|Any CPU
	EndGlobalSection
	GlobalSection(SolutionProperties) = preSolution
		HideSolutionNode = FALSE
	EndGlobalSection
	GlobalSection(ExtensibilityGlobals) = postSolution
		SolutionGuid = {1B45397E-4A01-44AF-922B-F8B8C5299D81}
	EndGlobalSection
EndGlobal
